
Microsoft Visual Studio Solution File, Format Version 12.00
# Visual Studio Version 17
VisualStudioVersion = 17.6.33723.286
MinimumVisualStudioVersion = 10.0.40219.1
Project("{9A19103F-16F7-4668-BE54-9A1E7A4F7556}") = "People.Domain", "src\People.Domain\People.Domain.csproj", "{65DB23A0-82E5-452B-9CD7-5876DC3A486D}"
EndProject
Project("{9A19103F-16F7-4668-BE54-9A1E7A4F7556}") = "MvcDemo.MvcUi", "src\MvcDemo.MvcUi\MvcDemo.MvcUi.csproj", "{DE56CF84-179D-4BE2-B657-A8CE9796EEA0}"
EndProject
Project("{9A19103F-16F7-4668-BE54-9A1E7A4F7556}") = "MvcDemo.Persistence", "src\MvcDemo.Persistence\MvcDemo.Persistence.csproj", "{83774EA1-A5C7-4B03-BABD-79624DF1384E}"
EndProject
Global
	GlobalSection(SolutionConfigurationPlatforms) = preSolution
		Debug|Any CPU = Debug|Any CPU
		Release|Any CPU = Release|Any CPU
	EndGlobalSection
	GlobalSection(ProjectConfigurationPlatforms) = postSolution
		{65DB23A0-82E5-452B-9CD7-5876DC3A486D}.Debug|Any CPU.ActiveCfg = Debug|Any CPU
		{65DB23A0-82E5-452B-9CD7-5876DC3A486D}.Debug|Any CPU.Build.0 = Debug|Any CPU
		{65DB23A0-82E5-452B-9CD7-5876DC3A486D}.Release|Any CPU.ActiveCfg = Release|Any CPU
		{65DB23A0-82E5-452B-9CD7-5876DC3A486D}.Release|Any CPU.Build.0 = Release|Any CPU
		{DE56CF84-179D-4BE2-B657-A8CE9796EEA0}.Debug|Any CPU.ActiveCfg = Debug|Any CPU
		{DE56CF84-179D-4BE2-B657-A8CE9796EEA0}.Debug|Any CPU.Build.0 = Debug|Any CPU
		{DE56CF84-179D-4BE2-B657-A8CE9796EEA0}.Release|Any CPU.ActiveCfg = Release|Any CPU
		{DE56CF84-179D-4BE2-B657-A8CE9796EEA0}.Release|Any CPU.Build.0 = Release|Any CPU
		{83774EA1-A5C7-4B03-BABD-79624DF1384E}.Debug|Any CPU.ActiveCfg = Debug|Any CPU
		{83774EA1-A5C7-4B03-BABD-79624DF1384E}.Debug|Any CPU.Build.0 = Debug|Any CPU
		{83774EA1-A5C7-4B03-BABD-79624DF1384E}.Release|Any CPU.ActiveCfg = Release|Any CPU
		{83774EA1-A5C7-4B03-BABD-79624DF1384E}.Release|Any CPU.Build.0 = Release|Any CPU
	EndGlobalSection
	GlobalSection(SolutionProperties) = preSolution
		HideSolutionNode = FALSE
	EndGlobalSection
	GlobalSection(ExtensibilityGlobals) = postSolution
		SolutionGuid = {BA847D16-D311-4F21-B734-3D95F02B2CBE}
	EndGlobalSection
EndGlobal
